
Microsoft Visual Studio Solution File, Format Version 12.00
# Visual Studio 15
VisualStudioVersion = 15.0.28307.271
MinimumVisualStudioVersion = 10.0.40219.1
Project("{FAE04EC0-301F-11D3-BF4B-00C04F79EFBC}") = "UpdateManager", "UpdateManager\UpdateManager.csproj", "{78E0999B-1297-432B-80C3-69901DA2B281}"
EndProject
Global
	GlobalSection(SolutionConfigurationPlatforms) = preSolution
		Debug|Any CPU = Debug|Any CPU
		Release|Any CPU = Release|Any CPU
	EndGlobalSection
	GlobalSection(ProjectConfigurationPlatforms) = postSolution
		{78E0999B-1297-432B-80C3-69901DA2B281}.Debug|Any CPU.ActiveCfg = Debug|Any CPU
		{78E0999B-1297-432B-80C3-69901DA2B281}.Debug|Any CPU.Build.0 = Debug|Any CPU
		{78E0999B-1297-432B-80C3-69901DA2B281}.Release|Any CPU.ActiveCfg = Release|Any CPU
		{78E0999B-1297-432B-80C3-69901DA2B281}.Release|Any CPU.Build.0 = Release|Any CPU
	EndGlobalSection
	GlobalSection(SolutionProperties) = preSolution
		HideSolutionNode = FALSE
	EndGlobalSection
	GlobalSection(ExtensibilityGlobals) = postSolution
		SolutionGuid = {A7F617CD-BEA8-4744-B6D5-597AD0C18E02}
	EndGlobalSection
EndGlobal
